
Microsoft Visual Studio Solution File, Format Version 12.00
# Visual Studio Version 16
VisualStudioVersion = 16.0.31424.327
MinimumVisualStudioVersion = 10.0.40219.1
Project("{FAE04EC0-301F-11D3-BF4B-00C04F79EFBC}") = "ConsoleStampa", "ConsoleStampa\ConsoleStampa.csproj", "{37AD916E-3018-47EC-AEEA-FE2BA356E83D}"
EndProject
Global
	GlobalSection(SolutionConfigurationPlatforms) = preSolution
		Debug|Any CPU = Debug|Any CPU
		Release|Any CPU = Release|Any CPU
	EndGlobalSection
	GlobalSection(ProjectConfigurationPlatforms) = postSolution
		{37AD916E-3018-47EC-AEEA-FE2BA356E83D}.Debug|Any CPU.ActiveCfg = Debug|Any CPU
		{37AD916E-3018-47EC-AEEA-FE2BA356E83D}.Debug|Any CPU.Build.0 = Debug|Any CPU
		{37AD916E-3018-47EC-AEEA-FE2BA356E83D}.Release|Any CPU.ActiveCfg = Release|Any CPU
		{37AD916E-3018-47EC-AEEA-FE2BA356E83D}.Release|Any CPU.Build.0 = Release|Any CPU
	EndGlobalSection
	GlobalSection(SolutionProperties) = preSolution
		HideSolutionNode = FALSE
	EndGlobalSection
	GlobalSection(ExtensibilityGlobals) = postSolution
		SolutionGuid = {216A070C-9D65-4DAA-BDC4-9625685C2716}
	EndGlobalSection
EndGlobal
